<?xml version="1.0" encoding="utf-8"?>
<Project ToolsVersion="4.0" xmlns="http://schemas.microsoft.com/developer/msbuild/2003">
  <ItemGroup>
    <Filter Include="Source Files">
      <UniqueIdentifier>{4FC737F1-C7A5-4376-A066-2A32D752A2FF}</UniqueIdentifier>
      <Extensions>cpp;c;cc;cxx;def;odl;idl;hpj;bat;asm;asmx</Extensions>
    </Filter>
    <Filter Include="Header Files">
      <UniqueIdentifier>{93995380-89BD-4b04-88EB-625FBE52EBFB}</UniqueIdentifier>
      <Extensions>h;hh;hpp;hxx;hm;inl;inc;ipp;xsd</Extensions>
    </Filter>
    <Filter Include="Resource Files">
      <UniqueIdentifier>{67DA6AB6-F800-4c08-8B7A-83BB121AAD01}</UniqueIdentifier>
      <Extensions>rc;ico;cur;bmp;dlg;rc2;rct;bin;rgs;gif;jpg;jpeg;jpe;resx;tiff;tif;png;wav;mfcribbon-ms</Extensions>
    </Filter>
    <Filter Include="Header Files\Ded_Elements">
      <UniqueIdentifier>{e50a927a-1dfb-4f28-b9ca-b3bd43886b3a}</UniqueIdentifier>
    </Filter>
    <Filter Include="Header Files\Migration">
      <UniqueIdentifier>{4312af9d-4ac3-4eec-bdf9-78496724e5ca}</UniqueIdentifier>
    </Filter>
    <Filter Include="Header Files\Evolution">
      <UniqueIdentifier>{aed4d0ba-c147-437c-9bd5-1fb1bbc8ce66}</UniqueIdentifier>
    </Filter>
    <Filter Include="Source Files\Crossover">
      <UniqueIdentifier>{28d03c57-2426-462e-a903-934cade467ac}</UniqueIdentifier>
    </Filter>
    <Filter Include="Source Files\Mutation">
      <UniqueIdentifier>{b094e979-1155-45b3-8164-60a44bb5662f}</UniqueIdentifier>
    </Filter>
    <Filter Include="Source Files\Ded_Elements">
      <UniqueIdentifier>{7d021b28-8f19-409f-8d33-339ac81acf52}</UniqueIdentifier>
    </Filter>
    <Filter Include="Source Files\Migration">
      <UniqueIdentifier>{684e43b6-ba35-418d-a35b-1481c4f60ec4}</UniqueIdentifier>
    </Filter>
    <Filter Include="Source Files\Evolution">
      <UniqueIdentifier>{cd439de2-eb14-46a6-a170-84294f309c11}</UniqueIdentifier>
    </Filter>
    <Filter Include="Source Files\Selection">
      <UniqueIdentifier>{adb8f1fb-02e0-459a-a7bd-98daca82137f}</UniqueIdentifier>
    </Filter>
    <Filter Include="Header Files\Evolution_Operations">
      <UniqueIdentifier>{7edd3450-f149-4949-ac79-da87f4f3401d}</UniqueIdentifier>
    </Filter>
  </ItemGroup>
  <ItemGroup>
    <ClInclude Include="Ded_Block.h">
      <Filter>Header Files\Ded_Elements</Filter>
    </ClInclude>
    <ClInclude Include="Ded_File.h">
      <Filter>Header Files\Ded_Elements</Filter>
    </ClInclude>
    <ClInclude Include="GA_Chromosome.h">
      <Filter>Header Files\Evolution</Filter>
    </ClInclude>
    <ClInclude Include="GA_Population.h">
      <Filter>Header Files\Evolution</Filter>
    </ClInclude>
    <ClInclude Include="GA_Evolution.h">
      <Filter>Header Files\Evolution</Filter>
    </ClInclude>
    <ClInclude Include="GA_Migration.h">
      <Filter>Header Files\Migration</Filter>
    </ClInclude>
    <ClInclude Include="targetver.h">
      <Filter>Header Files\Migration</Filter>
    </ClInclude>
    <ClInclude Include="stdafx.h">
      <Filter>Header Files\Migration</Filter>
    </ClInclude>
    <ClInclude Include="Resource.h">
      <Filter>Header Files\Migration</Filter>
    </ClInclude>
    <ClInclude Include="FinalProjectDlg.h">
      <Filter>Header Files\Migration</Filter>
    </ClInclude>
    <ClInclude Include="FinalProject.h">
      <Filter>Header Files\Migration</Filter>
    </ClInclude>
    <ClInclude Include="GA_Selection.h">
      <Filter>Header Files\Evolution_Operations</Filter>
    </ClInclude>
    <ClInclude Include="GA_Crossover.h">
      <Filter>Header Files\Evolution_Operations</Filter>
    </ClInclude>
    <ClInclude Include="GA_Mutation.h">
      <Filter>Header Files\Evolution_Operations</Filter>
    </ClInclude>
    <ClInclude Include="CResultDlg.h">
      <Filter>Header Files\Migration</Filter>
    </ClInclude>
  </ItemGroup>
  <ItemGroup>
    <ClCompile Include="Ded_Block.cpp">
      <Filter>Source Files\Ded_Elements</Filter>
    </ClCompile>
    <ClCompile Include="Ded_File.cpp">
      <Filter>Source Files\Ded_Elements</Filter>
    </ClCompile>
    <ClCompile Include="GA_Migration.cpp">
      <Filter>Source Files\Migration</Filter>
    </ClCompile>
    <ClCompile Include="GA_SelectionTS.cpp">
      <Filter>Source Files\Selection</Filter>
    </ClCompile>
    <ClCompile Include="GA_Selection.cpp">
      <Filter>Source Files\Selection</Filter>
    </ClCompile>
    <ClCompile Include="GA_Chromosome.cpp">
      <Filter>Source Files\Evolution</Filter>
    </ClCompile>
    <ClCompile Include="GA_Evolution.cpp">
      <Filter>Source Files\Evolution</Filter>
    </ClCompile>
    <ClCompile Include="GA_Population.cpp">
      <Filter>Source Files\Evolution</Filter>
    </ClCompile>
    <ClCompile Include="stdafx.cpp">
      <Filter>Source Files\Migration</Filter>
    </ClCompile>
    <ClCompile Include="FinalProjectDlg.cpp">
      <Filter>Source Files\Migration</Filter>
    </ClCompile>
    <ClCompile Include="FinalProject.cpp">
      <Filter>Source Files\Migration</Filter>
    </ClCompile>
    <ClCompile Include="GA_SelectionRW.cpp">
      <Filter>Source Files\Selection</Filter>
    </ClCompile>
    <ClCompile Include="GA_SelectionLRB.cpp">
      <Filter>Source Files\Selection</Filter>
    </ClCompile>
    <ClCompile Include="GA_Crossover.cpp">
      <Filter>Source Files\Crossover</Filter>
    </ClCompile>
    <ClCompile Include="GA_CrossoverOP.cpp">
      <Filter>Source Files\Crossover</Filter>
    </ClCompile>
    <ClCompile Include="GA_CrossoverTP.cpp">
      <Filter>Source Files\Crossover</Filter>
    </ClCompile>
    <ClCompile Include="GA_CrossoverU.cpp">
      <Filter>Source Files\Crossover</Filter>
    </ClCompile>
    <ClCompile Include="GA_Mutation.cpp">
      <Filter>Source Files\Mutation</Filter>
    </ClCompile>
    <ClCompile Include="CResultDlg.cpp">
      <Filter>Source Files\Migration</Filter>
    </ClCompile>
  </ItemGroup>
  <ItemGroup>
    <ResourceCompile Include="FinalProject.rc">
      <Filter>Resource Files</Filter>
    </ResourceCompile>
  </ItemGroup>
  <ItemGroup>
    <None Include="res\FinalProject.rc2">
      <Filter>Resource Files</Filter>
    </None>
    <None Include="packages.config" />
  </ItemGroup>
  <ItemGroup>
    <Image Include="res\FinalProject.ico">
      <Filter>Resource Files</Filter>
    </Image>
  </ItemGroup>
</Project>